schema: '2.0'
stages:
  data_ingestion:
    cmd: python steps/ingest_data_step.py
    deps:
    - path: _src/data_ingestion.py
      hash: md5
      md5: af543753cb4d89250318789333307714
      size: 3554
    - path: data/zip_data/archive.zip
      hash: md5
      md5: e75de0a261ce89d0aa863db93a1d8a94
      size: 4740
    - path: steps/ingest_data_step.py
      hash: md5
      md5: e37670e4c505fdf0631c4909058fdc7b
      size: 896
    outs:
    - path: data/extracted_data/Housing.csv
      hash: md5
      md5: 801f8030dad1df22a53edfdbfa4e80f0
      size: 29981
    - path: data/raw_data/raw.csv
      hash: md5
      md5: 801f8030dad1df22a53edfdbfa4e80f0
      size: 29981
  splitting_data:
    cmd: python steps/data_splitting_step.py
    deps:
    - path: _src/data_splitting.py
      hash: md5
      md5: 2cacf88ba3aab74ec64061831f51d771
      size: 4757
    - path: data/raw_data/raw.csv
      hash: md5
      md5: 801f8030dad1df22a53edfdbfa4e80f0
      size: 29981
    - path: steps/data_splitting_step.py
      hash: md5
      md5: c552d92a50ca3faa858033f2f0cc3650
      size: 1023
    outs:
    - path: data/splitted_data/x_test.csv
      hash: md5
      md5: 47691e34b6958ba8b725075114c4b152
      size: 5199
    - path: data/splitted_data/x_train.csv
      hash: md5
      md5: e4ca0273553ddf31c607d4ca06fe42f3
      size: 20535
    - path: data/splitted_data/y_test.csv
      hash: md5
      md5: 6e4408c0cfc240e66b7798eb60c0ba54
      size: 991
    - path: data/splitted_data/y_train.csv
      hash: md5
      md5: 56f178a38bb8ea0eaa285b6eb892fa47
      size: 3936
  feature_engineering:
    cmd: python steps/feature_engineer_step.py
    deps:
    - path: _src/feature_engineering.py
      hash: md5
      md5: ce5d25578c3e7f38b98cb9885160e750
      size: 8148
    - path: data/splitted_data/x_test.csv
      hash: md5
      md5: 47691e34b6958ba8b725075114c4b152
      size: 5199
    - path: data/splitted_data/x_train.csv
      hash: md5
      md5: e4ca0273553ddf31c607d4ca06fe42f3
      size: 20535
    - path: data/splitted_data/y_test.csv
      hash: md5
      md5: 6e4408c0cfc240e66b7798eb60c0ba54
      size: 991
    - path: data/splitted_data/y_train.csv
      hash: md5
      md5: 56f178a38bb8ea0eaa285b6eb892fa47
      size: 3936
    - path: steps/feature_engineer_step.py
      hash: md5
      md5: fbaa8a505a3954faca1554c6b6262a22
      size: 2964
    outs:
    - path: data/arr_data/x_test.npy
      hash: md5
      md5: eb6387db0da0959d533deb3cfb0f8bd8
      size: 15921
    - path: data/arr_data/x_train.npy
      hash: md5
      md5: c23dbb40ba57fe5890535e5bbc069964
      size: 63025
    - path: data/arr_data/y_test.npy
      hash: md5
      md5: 613e742550dd1c44622bb2252348661a
      size: 1097
    - path: data/arr_data/y_train.npy
      hash: md5
      md5: 1cebd647eaca6781ebf51cedcf49c0b9
      size: 3729
  build_the_model:
    cmd: python steps/model_building_step.py
    deps:
    - path: _src/model_building.py
      hash: md5
      md5: 42a766d148b1eb4dfe4fdc4cfdf901a5
      size: 4930
    - path: data/arr_data/x_train.npy
      hash: md5
      md5: c23dbb40ba57fe5890535e5bbc069964
      size: 63025
    - path: data/arr_data/y_train.npy
      hash: md5
      md5: 1cebd647eaca6781ebf51cedcf49c0b9
      size: 3729
    - path: steps/model_building_step.py
      hash: md5
      md5: 4dd3109ec11b752dec095ebfb7f89229
      size: 1243
  evaluate_the_model:
    cmd: python steps/model_evalation_step.py
    deps:
    - path: _src/model_evaluation.py
      hash: md5
      md5: a35a626125fd38b61bfa9969e92f4063
      size: 8878
    - path: data/arr_data/x_test.npy
      hash: md5
      md5: eb6387db0da0959d533deb3cfb0f8bd8
      size: 15921
    - path: data/arr_data/y_test.npy
      hash: md5
      md5: 613e742550dd1c44622bb2252348661a
      size: 1097
    - path: steps/model_evalation_step.py
      hash: md5
      md5: 666f000f53d96b3e27aa9c56763ae7b6
      size: 1453
